{
  "nodes": {
    "brew-src": {
      "flake": false,
      "locked": {
        "lastModified": 1791480016,
        "narHash": "sha256-IB5mZX5iJ6DofhDx0aYLTHjNIFZqggF7u7v0CZCqxLc=",
        "owner": "Homebrew",
        "repo": "brew",
        "rev": "96d7c8ba12bcac8551b82f94e5eed309b8a3cb62",
        "type": "github"
      },
      "original": {
        "owner": "Homebrew",
        "repo": "brew",
        "type": "github"
      }
    },
    "catppuccin": {
      "inputs": {
        "nixpkgs": "nixpkgs"
      },
      "locked": {
        "lastModified": 1791212692,
        "narHash": "sha256-oPAfsTRNqAFsycAirLU05uTVKo3MaZf7fz88ekCeoO8=",
        "owner": "catppuccin",
        "repo": "nix",
        "rev": "0c0335a1a6d326adb5a5e116aae0d51c7041b2e5",
        "type": "github"
      },
      "original": {
        "owner": "catppuccin",
        "repo": "nix",
        "type": "github"
      }
    },
    "disko": {
      "inputs": {
        "nixpkgs": [
          "nixpkgs"
        ]
      },
      "locked": {
        "lastModified": 1789770686,
        "narHash": "sha256-uZkBR7yHdIKUFB5SZdfgh1qkGfI3XmYmI/lTiquxbck=",
        "owner": "nix-community",
        "repo": "disko",
        "rev": "725ea35e410ad83be4931d1bff7e090eacaf3563",
        "type": "github"
      },
      "original": {
        "owner": "nix-community",
        "repo": "disko",
        "type": "github"
      }
    },
    "fenix": {
      "inputs": {
        "nixpkgs": [
          "nixpkgs"
        ],
        "rust-analyzer-src": "rust-analyzer-src"
      },
      "locked": {
        "lastModified": 1791464883,
        "narHash": "sha256-IChdAhKm9ubIELE8RMaeT2Mnl1LXZuhtUL0dDNfajtk=",
        "owner": "nix-community",
        "repo": "fenix",
        "rev": "0a07e3354f7a4c6a20b9fbb5e8c1837b9ff8579b",
        "type": "github"
      },
      "original": {
        "owner": "nix-community",
        "repo": "fenix",
        "type": "github"
      }
    },
    "home-manager": {
      "inputs": {
        "nixpkgs": [
          "nixpkgs"
        ]
      },
      "locked": {
        "lastModified": 1791484883,
        "narHash": "sha256-iKxFHJrg7Sltwhq3ssCZYQ4CFEDVvReVVuVuO9dj3sE=",
        "owner": "nix-community",
        "repo": "home-manager",
        "rev": "dfadbe5162d5e86bc0808badec8f346f81b4b3f0",
        "type": "github"
      },
      "original": {
        "owner": "nix-community",
        "repo": "home-manager",
        "type": "github"
      }
    },
    "homebrew-cask": {
      "flake": false,
      "locked": {
        "lastModified": 1791491935,
        "narHash": "sha256-+jSsPXcSuPyk8kQEtg3h12JKeMEDvMzLCkBqJguagZk=",
        "owner": "Homebrew",
        "repo": "homebrew-cask",
        "rev": "5fa65f8a774ed83ecc5ea1ba32e3448db3546949",
        "type": "github"
      },
      "original": {
        "owner": "Homebrew",
        "repo": "homebrew-cask",
        "type": "github"
      }
    },
    "homebrew-core": {
      "flake": false,
      "locked": {
        "lastModified": 1791492814,
        "narHash": "sha256-U9Dy38QMI1uKXUk4tVQMOWADSSaAVAI8y95TGFzmSg4=",
        "owner": "Homebrew",
        "repo": "homebrew-core",
        "rev": "1e7e915533017741c4d4ffb0cb77ae118d6b7939",
        "type": "github"
      },
      "original": {
        "owner": "Homebrew",
        "repo": "homebrew-core",
        "type": "github"
      }
    },
    "homebrew-omlx": {
      "flake": false,
      "locked": {
        "lastModified": 1790932239,
        "narHash": "sha256-reDW2Tzt4WbKxa1LYS5k6SjTULGwaFiKH12uYaaDef8=",
        "owner": "jundot",
        "repo": "omlx",
        "rev": "5dcfe2430b73a86e871de13019c93e047f0aba9a",
        "type": "github"
      },
      "original": {
        "owner": "jundot",
        "repo": "omlx",
        "type": "github"
      }
    },
    "homebrew-whatcable": {
      "flake": false,
      "locked": {
        "lastModified": 1789392769,
        "narHash": "sha256-5VKt4e91hHWz6taoK120Y9hhEFtdxRRtu7W5mZiM0uU=",
        "owner": "darrylmorley",
        "repo": "homebrew-whatcable",
        "rev": "0cb1c0665b39d0fd959c89208f183da29e202b62",
        "type": "github"
      },
      "original": {
        "owner": "darrylmorley",
        "repo": "homebrew-whatcable",
        "type": "github"
      }
    },
    "nix-darwin": {
      "inputs": {
        "nixpkgs": [
          "nixpkgs"
        ]
      },
      "locked": {
        "lastModified": 1786845137,
        "narHash": "sha256-oQFip+v0luP8NIxJzmiW4Wu8bILsbFWom5l0zonl8hQ=",
        "owner": "nix-darwin",
        "repo": "nix-darwin",
        "rev": "4cff07de74b50e64bdd68cd4e722ab5b6b35ee48",
        "type": "github"
      },
      "original": {
        "owner": "nix-darwin",
        "repo": "nix-darwin",
        "type": "github"
      }
    },
    "nix-homebrew": {
      "inputs": {
        "brew-src": [
          "brew-src"
        ]
      },
      "locked": {
        "lastModified": 1789928041,
        "narHash": "sha256-iV37ieTcE4ZLOYEe0VznW6dWMBe4lEL8AbK1vblyZGM=",
        "owner": "zhaofengli",
        "repo": "nix-homebrew",
        "rev": "c11cccfdd36dd69b5323d70d354b2853379c2426",
        "type": "github"
      },
      "original": {
        "owner": "zhaofengli",
        "repo": "nix-homebrew",
        "type": "github"
      }
    },
    "nix-secrets": {
      "flake": false,
      "locked": {
        "lastModified": 1791270403,
        "narHash": "sha256-e48Jv9xxYkleojNTuwbjUNMdLEk/12phRKpQx7bQ2u0=",
        "ref": "refs/heads/main",
        "rev": "b2bbabedde1d0e52990d0dce963790c6ce461d53",
        "revCount": 3,
        "type": "git",
        "url": "ssh://git@github.com/artogahr/nix-secrets.git"
      },
      "original": {
        "type": "git",
        "url": "ssh://git@github.com/artogahr/nix-secrets.git"
      }
    },
    "nixpkgs": {
      "locked": {
        "lastModified": 1790652569,
        "narHash": "sha256-k8Fu4c9Z+4Nh7mUr0cfw++ITQiyEhlWxoJBOkI3tOcQ=",
        "rev": "b6c8664de9b6cc07fe5666a29f91884ba81197c4",
        "type": "tarball",
        "url": "https://releases.nixos.org/nixpkgs/nixpkgs-26.11pre1082290.b6c8664de9b6/nixexprs.tar.xz"
      },
      "original": {
        "type": "tarball",
        "url": "https://channels.nixos.org/nixpkgs-unstable/nixexprs.tar.xz"
      }
    },
    "nixpkgs_2": {
      "locked": {
        "lastModified": 1791456040,
        "narHash": "sha256-H83yz/do+hjOO0uujHyH8RgtIQP2v7Mw+cLwcZK/xKc=",
        "owner": "NixOS",
        "repo": "nixpkgs",
        "rev": "e7439b6b14ad3cc35d05608ebca9bce01a25f5f8",
        "type": "github"
      },
      "original": {
        "owner": "NixOS",
        "ref": "nixos-unstable",
        "repo": "nixpkgs",
        "type": "github"
      }
    },
    "plasma-manager": {
      "inputs": {
        "home-manager": [
          "home-manager"
        ],
        "nixpkgs": [
          "nixpkgs"
        ]
      },
      "locked": {
        "lastModified": 1785762349,
        "narHash": "sha256-jZhZkzAwc7f3exzcTDJWP2WCAchCv0iNC3UF/QsahdQ=",
        "owner": "nix-community",
        "repo": "plasma-manager",
        "rev": "a19a2a029fa180911bd89c554dca1616e10f4c1d",
        "type": "github"
      },
      "original": {
        "owner": "nix-community",
        "repo": "plasma-manager",
        "type": "github"
      }
    },
    "root": {
      "inputs": {
        "brew-src": "brew-src",
        "catppuccin": "catppuccin",
        "disko": "disko",
        "fenix": "fenix",
        "home-manager": "home-manager",
        "homebrew-cask": "homebrew-cask",
        "homebrew-core": "homebrew-core",
        "homebrew-omlx": "homebrew-omlx",
        "homebrew-whatcable": "homebrew-whatcable",
        "nix-darwin": "nix-darwin",
        "nix-homebrew": "nix-homebrew",
        "nix-secrets": "nix-secrets",
        "nixpkgs": "nixpkgs_2",
        "plasma-manager": "plasma-manager",
        "sops-nix": "sops-nix"
      }
    },
    "rust-analyzer-src": {
      "flake": false,
      "locked": {
        "lastModified": 1791343557,
        "narHash": "sha256-7WdornbRPGxNTPcD5EXi5aV87UvcrTuPR/Zb0/HETk0=",
        "owner": "rust-lang",
        "repo": "rust-analyzer",
        "rev": "3131751eaf1c3b5da6e618acdc2148ad7db65bc7",
        "type": "github"
      },
      "original": {
        "owner": "rust-lang",
        "ref": "nightly",
        "repo": "rust-analyzer",
        "type": "github"
      }
    },
    "sops-nix": {
      "inputs": {
        "nixpkgs": [
          "nixpkgs"
        ]
      },
      "locked": {
        "lastModified": 1791103873,
        "narHash": "sha256-nFxM+pKoZ8LJAEnUXARyCaOAloWgaW9kZQOSjWzKcTE=",
        "owner": "Mic92",
        "repo": "sops-nix",
        "rev": "dcd241ba97088c22569d1573286e1b9daad340c0",
        "type": "github"
      },
      "original": {
        "owner": "Mic92",
        "repo": "sops-nix",
        "type": "github"
      }
    }
  },
  "root": "root",
  "version": 7
}
